github.com/Dviih/Array v1.1.1 h1:t85xF0cJXaBSUwL0gbvs27HzyEGhor3SMAAbWR1MM3c=
github.com/Dviih/Array v1.1.1/go.mod h1:WZzMVPpbY+xjAP6jsUk1AdAfOypSB4oP41LAsfIP4/4=
github.com/Dviih/Array v1.4.1 h1:AeLialto6A6ph6ZyBjaOWW/yWKrkHsZffFbBQjm5Imw=
github.com/Dviih/Array v1.4.1/go.mod h1:lRo4/Nyb47dWrim2+yL49j3gRyOYXw3gtBaKGv9Bw7g=
github.com/Dviih/Channel v1.5.0 h1:5P20bfzUIpXlAesMBIGcd7kFWEX6GFlE3PTm47GOrCQ=
github.com/Dviih/Channel v1.5.0/go.mod h1:IVlLDHydTUDHvLRzk9j7anL/T++wrM10mYXGZZgo0OI=
github.com/Dviih/Map v1.0.0 h1:5HSxe5EYU9ZubSVyjRS8+vYPj1+wJnfMZbX0bhVdwvQ=
github.com/Dviih/Map v1.0.0/go.mod h1:br9nuylMsVUUf8ZEWEghdmwMXbZkXbldA/lF+x6EGAI=
github.com/Dviih/Map v1.3.0 h1:G8l6ztTLN234nhR4+eW4YUeOLGmgX9cpsKWxcds2y34=
github.com/Dviih/Map v1.3.0/go.mod h1:k45oj5C0kfxLmLxKNFOnJ9NojZK0Gk2+rA3m/kpNO68=
github.com/Dviih/bin v1.1.1 h1:M11nB5rFSYbW16kNNlsG6p9BzBAJey02lUYCXCTF/3k=
github.com/Dviih/bin v1.1.1/go.mod h1:thP3tjG/ESd4vk9yBJCFQVvqEpjp3ktcAekcmD+R/ck=
github.com/Dviih/bin v1.1.2 h1:hCphitAdZva7sbFvFCUyKN+wwqkmNCJlL6dlC29ezfI=
github.com/Dviih/bin v1.1.2/go.mod h1:thP3tjG/ESd4vk9yBJCFQVvqEpjp3ktcAekcmD+R/ck=
github.com/Dviih/bin v1.1.4 h1:x3qkKesmKoc+CT89Rsm6FuIDFOsLSvJfSmcJLqIf7/M=
github.com/Dviih/bin v1.1.4/go.mod h1:thP3tjG/ESd4vk9yBJCFQVvqEpjp3ktcAekcmD+R/ck=
github.com/Dviih/bin v1.2.0 h1:LGsYDMxPsbf0h8TToz8L/QxbD3cpTYD6B5q7/ApZsww=
github.com/Dviih/bin v1.2.0/go.mod h1:thP3tjG/ESd4vk9yBJCFQVvqEpjp3ktcAekcmD+R/ck=
github.com/Dviih/sync v0.0.0-20250124002824-267f54792339 h1:GaYEstq5GPmkJhUfXLqu7Hipb0KmwCQ7qp6IzGYZIKU=
github.com/Dviih/sync v0.0.0-20250124002824-267f54792339/go.mod h1:mj5YklTWxlUZkzCLpoLafQRvLHLdjg/vk7FcD5eS3xQ=
github.com/Dviih/sync v0.0.0-20250310002416-9365f71e723f h1:LyNyT86WmiV03Pp0/OmSttjkSiXCxWohiyGcOXEy6k4=
github.com/Dviih/sync v0.0.0-20250310002416-9365f71e723f/go.mod h1:mj5YklTWxlUZkzCLpoLafQRvLHLdjg/vk7FcD5eS3xQ=
